Microsoft Visual Studio Solution File, Format Version 12.00
# Visual Studio Version 17
VisualStudioVersion = 17.5.2.0
MinimumVisualStudioVersion = 10.0.40219.1
Project("{FAE04EC0-301F-11D3-BF4B-00C04F79EFBC}") = "DesafioInoa", "DesafioInoa.csproj", "{1BBD9E56-9AF5-D411-E170-E6B03E83C8D5}"
EndProject
Global
	GlobalSection(SolutionConfigurationPlatforms) = preSolution
		Debug|Any CPU = Debug|Any CPU
		Release|Any CPU = Release|Any CPU
	EndGlobalSection
	GlobalSection(ProjectConfigurationPlatforms) = postSolution
		{1BBD9E56-9AF5-D411-E170-E6B03E83C8D5}.Debug|Any CPU.ActiveCfg = Debug|Any CPU
		{1BBD9E56-9AF5-D411-E170-E6B03E83C8D5}.Debug|Any CPU.Build.0 = Debug|Any CPU
		{1BBD9E56-9AF5-D411-E170-E6B03E83C8D5}.Release|Any CPU.ActiveCfg = Release|Any CPU
		{1BBD9E56-9AF5-D411-E170-E6B03E83C8D5}.Release|Any CPU.Build.0 = Release|Any CPU
	EndGlobalSection
	GlobalSection(SolutionProperties) = preSolution
		HideSolutionNode = FALSE
	EndGlobalSection
	GlobalSection(ExtensibilityGlobals) = postSolution
		SolutionGuid = {6FBC0F8B-1CC5-4C5B-9A12-49ADD0402E0E}
	EndGlobalSection
EndGlobal
